
Microsoft Visual Studio Solution File, Format Version 12.00
# Visual Studio 15
VisualStudioVersion = 15.0.28307.1169
MinimumVisualStudioVersion = 10.0.40219.1
Project("{FAE04EC0-301F-11D3-BF4B-00C04F79EFBC}") = "Panne", "Panne\Panne.csproj", "{68511406-D133-49CA-8B3C-9ED3B1600A78}"
EndProject
Global
	GlobalSection(SolutionConfigurationPlatforms) = preSolution
		Debug|Any CPU = Debug|Any CPU
		Release|Any CPU = Release|Any CPU
	EndGlobalSection
	GlobalSection(ProjectConfigurationPlatforms) = postSolution
		{68511406-D133-49CA-8B3C-9ED3B1600A78}.Debug|Any CPU.ActiveCfg = Debug|Any CPU
		{68511406-D133-49CA-8B3C-9ED3B1600A78}.Debug|Any CPU.Build.0 = Debug|Any CPU
		{68511406-D133-49CA-8B3C-9ED3B1600A78}.Release|Any CPU.ActiveCfg = Release|Any CPU
		{68511406-D133-49CA-8B3C-9ED3B1600A78}.Release|Any CPU.Build.0 = Release|Any CPU
	EndGlobalSection
	GlobalSection(SolutionProperties) = preSolution
		HideSolutionNode = FALSE
	EndGlobalSection
	GlobalSection(ExtensibilityGlobals) = postSolution
		SolutionGuid = {DCE5F08B-D070-4506-BDBB-2138685D9AEE}
	EndGlobalSection
EndGlobal
